
Microsoft Visual Studio Solution File, Format Version 12.00
# Visual Studio 15
VisualStudioVersion = 15.0.27428.2043
MinimumVisualStudioVersion = 10.0.40219.1
Project("{FAE04EC0-301F-11D3-BF4B-00C04F79EFBC}") = "KendoGrid", "KendoGrid\KendoGrid.csproj", "{62769ECC-B1D2-453A-86E2-08CEBC05DBDD}"
EndProject
Global
	GlobalSection(SolutionConfigurationPlatforms) = preSolution
		Debug|Any CPU = Debug|Any CPU
		Release|Any CPU = Release|Any CPU
	EndGlobalSection
	GlobalSection(ProjectConfigurationPlatforms) = postSolution
		{62769ECC-B1D2-453A-86E2-08CEBC05DBDD}.Debug|Any CPU.ActiveCfg = Debug|Any CPU
		{62769ECC-B1D2-453A-86E2-08CEBC05DBDD}.Debug|Any CPU.Build.0 = Debug|Any CPU
		{62769ECC-B1D2-453A-86E2-08CEBC05DBDD}.Release|Any CPU.ActiveCfg = Release|Any CPU
		{62769ECC-B1D2-453A-86E2-08CEBC05DBDD}.Release|Any CPU.Build.0 = Release|Any CPU
	EndGlobalSection
	GlobalSection(SolutionProperties) = preSolution
		HideSolutionNode = FALSE
	EndGlobalSection
	GlobalSection(ExtensibilityGlobals) = postSolution
		SolutionGuid = {267995EF-3916-4014-90D5-BBBB2D8B600F}
	EndGlobalSection
EndGlobal
